
Microsoft Visual Studio Solution File, Format Version 12.00
# Visual Studio Version 16
VisualStudioVersion = 16.0.31005.135
MinimumVisualStudioVersion = 10.0.40219.1
Project("{9A19103F-16F7-4668-BE54-9A1E7A4F7556}") = "DBracket.IPC.Pipes.Core", "DBracket.IPC.Pipes.Core\DBracket.IPC.Pipes.Core.csproj", "{3597417B-A81D-4DDD-BAB6-4D28C6A7738B}"
EndProject
Project("{FAE04EC0-301F-11D3-BF4B-00C04F79EFBC}") = "DBracket.IPC.Pipes.Core.Example", "DBracket.IPC.Pipes.Core.Example\DBracket.IPC.Pipes.Core.Example.csproj", "{C855D2D2-9B3E-4BF8-AB2B-909CF6C2E49C}"
EndProject
Global
	GlobalSection(SolutionConfigurationPlatforms) = preSolution
		Debug|Any CPU = Debug|Any CPU
		Release|Any CPU = Release|Any CPU
	EndGlobalSection
	GlobalSection(ProjectConfigurationPlatforms) = postSolution
		{3597417B-A81D-4DDD-BAB6-4D28C6A7738B}.Debug|Any CPU.ActiveCfg = Debug|Any CPU
		{3597417B-A81D-4DDD-BAB6-4D28C6A7738B}.Debug|Any CPU.Build.0 = Debug|Any CPU
		{3597417B-A81D-4DDD-BAB6-4D28C6A7738B}.Release|Any CPU.ActiveCfg = Release|Any CPU
		{3597417B-A81D-4DDD-BAB6-4D28C6A7738B}.Release|Any CPU.Build.0 = Release|Any CPU
		{C855D2D2-9B3E-4BF8-AB2B-909CF6C2E49C}.Debug|Any CPU.ActiveCfg = Debug|Any CPU
		{C855D2D2-9B3E-4BF8-AB2B-909CF6C2E49C}.Debug|Any CPU.Build.0 = Debug|Any CPU
		{C855D2D2-9B3E-4BF8-AB2B-909CF6C2E49C}.Release|Any CPU.ActiveCfg = Release|Any CPU
		{C855D2D2-9B3E-4BF8-AB2B-909CF6C2E49C}.Release|Any CPU.Build.0 = Release|Any CPU
	EndGlobalSection
	GlobalSection(SolutionProperties) = preSolution
		HideSolutionNode = FALSE
	EndGlobalSection
	GlobalSection(ExtensibilityGlobals) = postSolution
		SolutionGuid = {E37EDDBE-F809-460D-A39A-D7FA2099FB40}
	EndGlobalSection
EndGlobal
